
Microsoft Visual Studio Solution File, Format Version 12.00
# Visual Studio Version 17
VisualStudioVersion = 17.7.34024.191
MinimumVisualStudioVersion = 10.0.40219.1
Project("{FAE04EC0-301F-11D3-BF4B-00C04F79EFBC}") = "JsonMinimizer", "JsonMinimizer.csproj", "{4715A199-D574-420E-9BDD-FE13246B01F7}"
EndProject
Project("{FAE04EC0-301F-11D3-BF4B-00C04F79EFBC}") = "JsonMinimizerTest", "..\JsonMinimizerTest\JsonMinimizerTest.csproj", "{BA126D02-3FA4-44A4-88DA-B6A8A8DF283D}"
EndProject
Global
	GlobalSection(SolutionConfigurationPlatforms) = preSolution
		Debug|Any CPU = Debug|Any CPU
		Release|Any CPU = Release|Any CPU
	EndGlobalSection
	GlobalSection(ProjectConfigurationPlatforms) = postSolution
		{4715A199-D574-420E-9BDD-FE13246B01F7}.Debug|Any CPU.ActiveCfg = Debug|Any CPU
		{4715A199-D574-420E-9BDD-FE13246B01F7}.Debug|Any CPU.Build.0 = Debug|Any CPU
		{4715A199-D574-420E-9BDD-FE13246B01F7}.Release|Any CPU.ActiveCfg = Release|Any CPU
		{4715A199-D574-420E-9BDD-FE13246B01F7}.Release|Any CPU.Build.0 = Release|Any CPU
		{BA126D02-3FA4-44A4-88DA-B6A8A8DF283D}.Debug|Any CPU.ActiveCfg = Debug|Any CPU
		{BA126D02-3FA4-44A4-88DA-B6A8A8DF283D}.Debug|Any CPU.Build.0 = Debug|Any CPU
		{BA126D02-3FA4-44A4-88DA-B6A8A8DF283D}.Release|Any CPU.ActiveCfg = Release|Any CPU
		{BA126D02-3FA4-44A4-88DA-B6A8A8DF283D}.Release|Any CPU.Build.0 = Release|Any CPU
	EndGlobalSection
	GlobalSection(SolutionProperties) = preSolution
		HideSolutionNode = FALSE
	EndGlobalSection
	GlobalSection(ExtensibilityGlobals) = postSolution
		SolutionGuid = {898926A6-C1BA-4135-943F-61A45F8DD99E}
	EndGlobalSection
EndGlobal
